// !$*UTF8*$!
{
	archiveVersion = 1;
	classes = {
	};
	objectVersion = 46;
	objects = {

/* Begin PBXBuildFile section */
		52DA466A1E6C1F2100696B11 /* ProteinViewController.swift in Sources */ = {isa = PBXBuildFile; fileRef = 52DA46691E6C1F2100696B11 /* ProteinViewController.swift */; };
		52DDE7311E6C435F0061D62C /* Ligand.scn in Resources */ = {isa = PBXBuildFile; fileRef = 52DDE7301E6C435F0061D62C /* Ligand.scn */; };
		52DDE7351E6D5B5A0061D62C /* CircleView.swift in Sources */ = {isa = PBXBuildFile; fileRef = 52DDE7341E6D5B5A0061D62C /* CircleView.swift */; };
		52F907161E6ACC13001EE83F /* AppDelegate.swift in Sources */ = {isa = PBXBuildFile; fileRef = 52F907151E6ACC13001EE83F /* AppDelegate.swift */; };
		52F9071B1E6ACC13001EE83F /* Main.storyboard in Resources */ = {isa = PBXBuildFile; fileRef = 52F907191E6ACC13001EE83F /* Main.storyboard */; };
		52F9071D1E6ACC13001EE83F /* Assets.xcassets in Resources */ = {isa = PBXBuildFile; fileRef = 52F9071C1E6ACC13001EE83F /* Assets.xcassets */; };
		52F907201E6ACC13001EE83F /* LaunchScreen.storyboard in Resources */ = {isa = PBXBuildFile; fileRef = 52F9071E1E6ACC13001EE83F /* LaunchScreen.storyboard */; };
		52F907281E6ACDC8001EE83F /* LoginViewController.swift in Sources */ = {isa = PBXBuildFile; fileRef = 52F907271E6ACDC8001EE83F /* LoginViewController.swift */; };
		52F9072E1E6AE3B8001EE83F /* GradientView.swift in Sources */ = {isa = PBXBuildFile; fileRef = 52F9072D1E6AE3B8001EE83F /* GradientView.swift */; };
		52F907301E6AF8E0001EE83F /* ProteinTableViewController.swift in Sources */ = {isa = PBXBuildFile; fileRef = 52F9072F1E6AF8E0001EE83F /* ProteinTableViewController.swift */; };
		52F907321E6B02DF001EE83F /* ligands.txt in Resources */ = {isa = PBXBuildFile; fileRef = 52F907311E6B02DF001EE83F /* ligands.txt */; };
		DEE065A54548E17B1F186BD1 /* Pods_Swifty_Protein.framework in Frameworks */ = {isa = PBXBuildFile; fileRef = 04B5F298A020A9D78374AB6E /* Pods_Swifty_Protein.framework */; };
/* End PBXBuildFile section */

/* Begin PBXFileReference section */
		04B5F298A020A9D78374AB6E /* Pods_Swifty_Protein.framework */ = {isa = PBXFileReference; explicitFileType = wrapper.framework; includeInIndex = 0; path = Pods_Swifty_Protein.framework; sourceTree = BUILT_PRODUCTS_DIR; };
		52DA46691E6C1F2100696B11 /* ProteinViewController.swift */ = {isa = PBXFileReference; fileEncoding = 4; lastKnownFileType = sourcecode.swift; path = ProteinViewController.swift; sourceTree = "<group>"; };
		52DDE7301E6C435F0061D62C /* Ligand.scn */ = {isa = PBXFileReference; lastKnownFileType = file.bplist; path = Ligand.scn; sourceTree = "<group>"; };
		52DDE7341E6D5B5A0061D62C /* CircleView.swift */ = {isa = PBXFileReference; fileEncoding = 4; lastKnownFileType = sourcecode.swift; path = CircleView.swift; sourceTree = "<group>"; };
		52F907121E6ACC13001EE83F /* Swifty Protein.app */ = {isa = PBXFileReference; explicitFileType = wrapper.application; includeInIndex = 0; path = "Swifty Protein.app"; sourceTree = BUILT_PRODUCTS_DIR; };
		52F907151E6ACC13001EE83F /* AppDelegate.swift */ = {isa = PBXFileReference; lastKnownFileType = sourcecode.swift; path = AppDelegate.swift; sourceTree = "<group>"; };
		52F9071A1E6ACC13001EE83F /* Base */ = {isa = PBXFileReference; lastKnownFileType = file.storyboard; name = Base; path = Base.lproj/Main.storyboard; sourceTree = "<group>"; };
		52F9071C1E6ACC13001EE83F /* Assets.xcassets */ = {isa = PBXFileReference; lastKnownFileType = folder.assetcatalog; path = Assets.xcassets; sourceTree = "<group>"; };
		52F9071F1E6ACC13001EE83F /* Base */ = {isa = PBXFileReference; lastKnownFileType = file.storyboard; name = Base; path = Base.lproj/LaunchScreen.storyboard; sourceTree = "<group>"; };
		52F907211E6ACC13001EE83F /* Info.plist */ = {isa = PBXFileReference; lastKnownFileType = text.plist.xml; path = Info.plist; sourceTree = "<group>"; };
		52F907271E6ACDC8001EE83F /* LoginViewController.swift */ = {isa = PBXFileReference; fileEncoding = 4; lastKnownFileType = sourcecode.swift; path = LoginViewController.swift; sourceTree = "<group>"; };
		52F9072D1E6AE3B8001EE83F /* GradientView.swift */ = {isa = PBXFileReference; fileEncoding = 4; lastKnownFileType = sourcecode.swift; path = GradientView.swift; sourceTree = "<group>"; };
		52F9072F1E6AF8E0001EE83F /* ProteinTableViewController.swift */ = {isa = PBXFileReference; fileEncoding = 4; lastKnownFileType = sourcecode.swift; path = ProteinTableViewController.swift; sourceTree = "<group>"; };
		52F907311E6B02DF001EE83F /* ligands.txt */ = {isa = PBXFileReference; fileEncoding = 4; lastKnownFileType = text; name = ligands.txt; path = ../ligands.txt; sourceTree = "<group>"; };
		77A4082CFDAA1F0B2122A15D /* Pods-Swifty Protein.release.xcconfig */ = {isa = PBXFileReference; includeInIndex = 1; lastKnownFileType = text.xcconfig; name = "Pods-Swifty Protein.release.xcconfig"; path = "Pods/Target Support Files/Pods-Swifty Protein/Pods-Swifty Protein.release.xcconfig"; sourceTree = "<group>"; };
		CAACAC690BA2D46B1C61A7F7 /* Pods-Swifty Protein.debug.xcconfig */ = {isa = PBXFileReference; includeInIndex = 1; lastKnownFileType = text.xcconfig; name = "Pods-Swifty Protein.debug.xcconfig"; path = "Pods/Target Support Files/Pods-Swifty Protein/Pods-Swifty Protein.debug.xcconfig"; sourceTree = "<group>"; };
/* End PBXFileReference section */

/* Begin PBXFrameworksBuildPhase section */
		52F9070F1E6ACC13001EE83F /* Frameworks */ = {
			isa = PBXFrameworksBuildPhase;
			buildActionMask = 2147483647;
			files = (
				DEE065A54548E17B1F186BD1 /* Pods_Swifty_Protein.framework in Frameworks */,
			);
			runOnlyForDeploymentPostprocessing = 0;
		};
/* End PBXFrameworksBuildPhase section */

/* Begin PBXGroup section */
		3B842E77C11CF9B3C70BD9C1 /* Pods */ = {
			isa = PBXGroup;
			children = (
				CAACAC690BA2D46B1C61A7F7 /* Pods-Swifty Protein.debug.xcconfig */,
				77A4082CFDAA1F0B2122A15D /* Pods-Swifty Protein.release.xcconfig */,
			);
			name = Pods;
			sourceTree = "<group>";
		};
		52F907091E6ACC13001EE83F = {
			isa = PBXGroup;
			children = (
				52F907141E6ACC13001EE83F /* Swifty Protein */,
				52F907131E6ACC13001EE83F /* Products */,
				3B842E77C11CF9B3C70BD9C1 /* Pods */,
				8ABE7CCBEA4582CFEB61211F /* Frameworks */,
			);
			sourceTree = "<group>";
		};
		52F907131E6ACC13001EE83F /* Products */ = {
			isa = PBXGroup;
			children = (
				52F907121E6ACC13001EE83F /* Swifty Protein.app */,
			);
			name = Products;
			sourceTree = "<group>";
		};
		52F907141E6ACC13001EE83F /* Swifty Protein */ = {
			isa = PBXGroup;
			children = (
				52F907151E6ACC13001EE83F /* AppDelegate.swift */,
				52F907271E6ACDC8001EE83F /* LoginViewController.swift */,
				52F9072D1E6AE3B8001EE83F /* GradientView.swift */,
				52F9072F1E6AF8E0001EE83F /* ProteinTableViewController.swift */,
				52DA46691E6C1F2100696B11 /* ProteinViewController.swift */,
				52DDE7341E6D5B5A0061D62C /* CircleView.swift */,
				52F907191E6ACC13001EE83F /* Main.storyboard */,
				52DDE7301E6C435F0061D62C /* Ligand.scn */,
				52F9071C1E6ACC13001EE83F /* Assets.xcassets */,
				52F907311E6B02DF001EE83F /* ligands.txt */,
				52F9071E1E6ACC13001EE83F /* LaunchScreen.storyboard */,
				52F907211E6ACC13001EE83F /* Info.plist */,
			);
			path = "Swifty Protein";
			sourceTree = "<group>";
		};
		8ABE7CCBEA4582CFEB61211F /* Frameworks */ = {
			isa = PBXGroup;
			children = (
				04B5F298A020A9D78374AB6E /* Pods_Swifty_Protein.framework */,
			);
			name = Frameworks;
			sourceTree = "<group>";
		};
/* End PBXGroup section */

/* Begin PBXNativeTarget section */
		52F907111E6ACC13001EE83F /* Swifty Protein */ = {
			isa = PBXNativeTarget;
			buildConfigurationList = 52F907241E6ACC13001EE83F /* Build configuration list for PBXNativeTarget "Swifty Protein" */;
			buildPhases = (
				92CF8F43104B9B74CD0AE5AF /* [CP] Check Pods Manifest.lock */,
				52F9070E1E6ACC13001EE83F /* Sources */,
				52F9070F1E6ACC13001EE83F /* Frameworks */,
				52F907101E6ACC13001EE83F /* Resources */,
				BD0FD5F35C01A952B141A4DF /* [CP] Embed Pods Frameworks */,
				5F2B7B3DB4BE8E3BF9050EBE /* [CP] Copy Pods Resources */,
			);
			buildRules = (
			);
			dependencies = (
			);
			name = "Swifty Protein";
			productName = "Swifty Protein";
			productReference = 52F907121E6ACC13001EE83F /* Swifty Protein.app */;
			productType = "com.apple.product-type.application";
		};
/* End PBXNativeTarget section */

/* Begin PBXProject section */
		52F9070A1E6ACC13001EE83F /* Project object */ = {
			isa = PBXProject;
			attributes = {
				LastSwiftUpdateCheck = 0820;
				LastUpgradeCheck = 0820;
				ORGANIZATIONNAME = chtison;
				TargetAttributes = {
					52F907111E6ACC13001EE83F = {
						CreatedOnToolsVersion = 8.2.1;
						DevelopmentTeam = 9R2A9EQ745;
						ProvisioningStyle = Automatic;
					};
				};
			};
			buildConfigurationList = 52F9070D1E6ACC13001EE83F /* Build configuration list for PBXProject "Swifty Protein" */;
			compatibilityVersion = "Xcode 3.2";
			developmentRegion = English;
			hasScannedForEncodings = 0;
			knownRegions = (
				en,
				Base,
			);
			mainGroup = 52F907091E6ACC13001EE83F;
			productRefGroup = 52F907131E6ACC13001EE83F /* Products */;
			projectDirPath = "";
			projectRoot = "";
			targets = (
				52F907111E6ACC13001EE83F /* Swifty Protein */,
			);
		};
/* End PBXProject section */

/* Begin PBXResourcesBuildPhase section */
		52F907101E6ACC13001EE83F /* Resources */ = {
			isa = PBXResourcesBuildPhase;
			buildActionMask = 2147483647;
			files = (
				52F907201E6ACC13001EE83F /* LaunchScreen.storyboard in Resources */,
				52F9071D1E6ACC13001EE83F /* Assets.xcassets in Resources */,
				52F9071B1E6ACC13001EE83F /* Main.storyboard in Resources */,
				52F907321E6B02DF001EE83F /* ligands.txt in Resources */,
				52DDE7311E6C435F0061D62C /* Ligand.scn in Resources */,
			);
			runOnlyForDeploymentPostprocessing = 0;
		};
/* End PBXResourcesBuildPhase section */

/* Begin PBXShellScriptBuildPhase section */
		5F2B7B3DB4BE8E3BF9050EBE /* [CP] Copy Pods Resources */ = {
			isa = PBXShellScriptBuildPhase;
			buildActionMask = 2147483647;
			files = (
			);
			inputPaths = (
			);
			name = "[CP] Copy Pods Resources";
			outputPaths = (
			);
			runOnlyForDeploymentPostprocessing = 0;
			shellPath = /bin/sh;
			shellScript = "\"${SRCROOT}/Pods/Target Support Files/Pods-Swifty Protein/Pods-Swifty Protein-resources.sh\"\n";
			showEnvVarsInLog = 0;
		};
		92CF8F43104B9B74CD0AE5AF /* [CP] Check Pods Manifest.lock */ = {
			isa = PBXShellScriptBuildPhase;
			buildActionMask = 2147483647;
			files = (
			);
			inputPaths = (
				"${PODS_PODFILE_DIR_PATH}/Podfile.lock",
				"${PODS_ROOT}/Manifest.lock",
			);
			name = "[CP] Check Pods Manifest.lock";
			outputPaths = (
				"$(DERIVED_FILE_DIR)/Pods-Swifty Protein-checkManifestLockResult.txt",
			);
			runOnlyForDeploymentPostprocessing = 0;
			shellPath = /bin/sh;
			shellScript = "diff \"${PODS_PODFILE_DIR_PATH}/Podfile.lock\" \"${PODS_ROOT}/Manifest.lock\" > /dev/null\nif [ $? != 0 ] ; then\n    # print error to STDERR\n    echo \"error: The sandbox is not in sync with the Podfile.lock. Run 'pod install' or update your CocoaPods installation.\" >&2\n    exit 1\nfi\n# This output is used by Xcode 'outputs' to avoid re-running this script phase.\necho \"SUCCESS\" > \"${SCRIPT_OUTPUT_FILE_0}\"\n";
			showEnvVarsInLog = 0;
		};
		BD0FD5F35C01A952B141A4DF /* [CP] Embed Pods Frameworks */ = {
			isa = PBXShellScriptBuildPhase;
			buildActionMask = 2147483647;
			files = (
			);
			inputPaths = (
				"${SRCROOT}/Pods/Target Support Files/Pods-Swifty Protein/Pods-Swifty Protein-frameworks.sh",
				"${BUILT_PRODUCTS_DIR}/Alamofire/Alamofire.framework",
			);
			name = "[CP] Embed Pods Frameworks";
			outputPaths = (
				"${TARGET_BUILD_DIR}/${FRAMEWORKS_FOLDER_PATH}/Alamofire.framework",
			);
			runOnlyForDeploymentPostprocessing = 0;
			shellPath = /bin/sh;
			shellScript = "\"${SRCROOT}/Pods/Target Support Files/Pods-Swifty Protein/Pods-Swifty Protein-frameworks.sh\"\n";
			showEnvVarsInLog = 0;
		};
/* End PBXShellScriptBuildPhase section */

/* Begin PBXSourcesBuildPhase section */
		52F9070E1E6ACC13001EE83F /* Sources */ = {
			isa = PBXSourcesBuildPhase;
			buildActionMask = 2147483647;
			files = (
				52DDE7351E6D5B5A0061D62C /* CircleView.swift in Sources */,
				52F907281E6ACDC8001EE83F /* LoginViewController.swift in Sources */,
				52F907161E6ACC13001EE83F /* AppDelegate.swift in Sources */,
				52DA466A1E6C1F2100696B11 /* ProteinViewController.swift in Sources */,
				52F907301E6AF8E0001EE83F /* ProteinTableViewController.swift in Sources */,
				52F9072E1E6AE3B8001EE83F /* GradientView.swift in Sources */,
			);
			runOnlyForDeploymentPostprocessing = 0;
		};
/* End PBXSourcesBuildPhase section */

/* Begin PBXVariantGroup section */
		52F907191E6ACC13001EE83F /* Main.storyboard */ = {
			isa = PBXVariantGroup;
			children = (
				52F9071A1E6ACC13001EE83F /* Base */,
			);
			name = Main.storyboard;
			sourceTree = "<group>";
		};
		52F9071E1E6ACC13001EE83F /* LaunchScreen.storyboard */ = {
			isa = PBXVariantGroup;
			children = (
				52F9071F1E6ACC13001EE83F /* Base */,
			);
			name = LaunchScreen.storyboard;
			sourceTree = "<group>";
		};
/* End PBXVariantGroup section */

/* Begin XCBuildConfiguration section */
		52F907221E6ACC13001EE83F /* Debug */ = {
			isa = XCBuildConfiguration;
			buildSettings = {
				ALWAYS_SEARCH_USER_PATHS = NO;
				CLANG_ANALYZER_NONNULL = YES;
				CLANG_CXX_LANGUAGE_STANDARD = "gnu++0x";
				CLANG_CXX_LIBRARY = "libc++";
				CLANG_ENABLE_MODULES = YES;
				CLANG_ENABLE_OBJC_ARC = YES;
				CLANG_WARN_BOOL_CONVERSION = YES;
				CLANG_WARN_CONSTANT_CONVERSION = YES;
				CLANG_WARN_DIRECT_OBJC_ISA_USAGE = YES_ERROR;
				CLANG_WARN_DOCUMENTATION_COMMENTS = YES;
				CLANG_WARN_EMPTY_BODY = YES;
				CLANG_WARN_ENUM_CONVERSION = YES;
				CLANG_WARN_INFINITE_RECURSION = YES;
				CLANG_WARN_INT_CONVERSION = YES;
				CLANG_WARN_OBJC_ROOT_CLASS = YES_ERROR;
				CLANG_WARN_SUSPICIOUS_MOVE = YES;
				CLANG_WARN_UNREACHABLE_CODE = YES;
				CLANG_WARN__DUPLICATE_METHOD_MATCH = YES;
				"CODE_SIGN_IDENTITY[sdk=iphoneos*]" = "iPhone Developer";
				COPY_PHASE_STRIP = NO;
				DEBUG_INFORMATION_FORMAT = dwarf;
				ENABLE_STRICT_OBJC_MSGSEND = YES;
				ENABLE_TESTABILITY = YES;
				GCC_C_LANGUAGE_STANDARD = gnu99;
				GCC_DYNAMIC_NO_PIC = NO;
				GCC_NO_COMMON_BLOCKS = YES;
				GCC_OPTIMIZATION_LEVEL = 0;
				GCC_PREPROCESSOR_DEFINITIONS = (
					"DEBUG=1",
					"$(inherited)",
				);
				GCC_WARN_64_TO_32_BIT_CONVERSION = YES;
				GCC_WARN_ABOUT_RETURN_TYPE = YES_ERROR;
				GCC_WARN_UNDECLARED_SELECTOR = YES;
				GCC_WARN_UNINITIALIZED_AUTOS = YES_AGGRESSIVE;
				GCC_WARN_UNUSED_FUNCTION = YES;
				GCC_WARN_UNUSED_VARIABLE = YES;
				IPHONEOS_DEPLOYMENT_TARGET = 10.2;
				MTL_ENABLE_DEBUG_INFO = YES;
				ONLY_ACTIVE_ARCH = YES;
				SDKROOT = iphoneos;
				SWIFT_ACTIVE_COMPILATION_CONDITIONS = DEBUG;
				SWIFT_OPTIMIZATION_LEVEL = "-Onone";
				TARGETED_DEVICE_FAMILY = "1,2";
			};
			name = Debug;
		};
		52F907231E6ACC13001EE83F /* Release */ = {
			isa = XCBuildConfiguration;
			buildSettings = {
				ALWAYS_SEARCH_USER_PATHS = NO;
				CLANG_ANALYZER_NONNULL = YES;
				CLANG_CXX_LANGUAGE_STANDARD = "gnu++0x";
				CLANG_CXX_LIBRARY = "libc++";
				CLANG_ENABLE_MODULES = YES;
				CLANG_ENABLE_OBJC_ARC = YES;
				CLANG_WARN_BOOL_CONVERSION = YES;
				CLANG_WARN_CONSTANT_CONVERSION = YES;
				CLANG_WARN_DIRECT_OBJC_ISA_USAGE = YES_ERROR;
				CLANG_WARN_DOCUMENTATION_COMMENTS = YES;
				CLANG_WARN_EMPTY_BODY = YES;
				CLANG_WARN_ENUM_CONVERSION = YES;
				CLANG_WARN_INFINITE_RECURSION = YES;
				CLANG_WARN_INT_CONVERSION = YES;
				CLANG_WARN_OBJC_ROOT_CLASS = YES_ERROR;
				CLANG_WARN_SUSPICIOUS_MOVE = YES;
				CLANG_WARN_UNREACHABLE_CODE = YES;
				CLANG_WARN__DUPLICATE_METHOD_MATCH = YES;
				"CODE_SIGN_IDENTITY[sdk=iphoneos*]" = "iPhone Developer";
				COPY_PHASE_STRIP = NO;
				DEBUG_INFORMATION_FORMAT = "dwarf-with-dsym";
				ENABLE_NS_ASSERTIONS = NO;
				ENABLE_STRICT_OBJC_MSGSEND = YES;
				GCC_C_LANGUAGE_STANDARD = gnu99;
				GCC_NO_COMMON_BLOCKS = YES;
				GCC_WARN_64_TO_32_BIT_CONVERSION = YES;
				GCC_WARN_ABOUT_RETURN_TYPE = YES_ERROR;
				GCC_WARN_UNDECLARED_SELECTOR = YES;
				GCC_WARN_UNINITIALIZED_AUTOS = YES_AGGRESSIVE;
				GCC_WARN_UNUSED_FUNCTION = YES;
				GCC_WARN_UNUSED_VARIABLE = YES;
				IPHONEOS_DEPLOYMENT_TARGET = 10.2;
				MTL_ENABLE_DEBUG_INFO = NO;
				SDKROOT = iphoneos;
				SWIFT_OPTIMIZATION_LEVEL = "-Owholemodule";
				TARGETED_DEVICE_FAMILY = "1,2";
				VALIDATE_PRODUCT = YES;
			};
			name = Release;
		};
		52F907251E6ACC13001EE83F /* Debug */ = {
			isa = XCBuildConfiguration;
			baseConfigurationReference = CAACAC690BA2D46B1C61A7F7 /* Pods-Swifty Protein.debug.xcconfig */;
			buildSettings = {
				ASSETCATALOG_COMPILER_APPICON_NAME = AppIcon;
				"CODE_SIGN_IDENTITY[sdk=iphoneos*]" = "iPhone Developer";
				DEVELOPMENT_TEAM = 9R2A9EQ745;
				INFOPLIST_FILE = "Swifty Protein/Info.plist";
				IPHONEOS_DEPLOYMENT_TARGET = 9.0;
				LD_RUNPATH_SEARCH_PATHS = "$(inherited) @executable_path/Frameworks";
				PRODUCT_BUNDLE_IDENTIFIER = "chtison.Swifty-Protein";
				PRODUCT_NAME = "$(TARGET_NAME)";
				SWIFT_VERSION = 3.0;
				TARGETED_DEVICE_FAMILY = 1;
			};
			name = Debug;
		};
		52F907261E6ACC13001EE83F /* Release */ = {
			isa = XCBuildConfiguration;
			baseConfigurationReference = 77A4082CFDAA1F0B2122A15D /* Pods-Swifty Protein.release.xcconfig */;
			buildSettings = {
				ASSETCATALOG_COMPILER_APPICON_NAME = AppIcon;
				"CODE_SIGN_IDENTITY[sdk=iphoneos*]" = "iPhone Developer";
				DEVELOPMENT_TEAM = 9R2A9EQ745;
				INFOPLIST_FILE = "Swifty Protein/Info.plist";
				IPHONEOS_DEPLOYMENT_TARGET = 9.0;
				LD_RUNPATH_SEARCH_PATHS = "$(inherited) @executable_path/Frameworks";
				PRODUCT_BUNDLE_IDENTIFIER = "chtison.Swifty-Protein";
				PRODUCT_NAME = "$(TARGET_NAME)";
				SWIFT_VERSION = 3.0;
				TARGETED_DEVICE_FAMILY = 1;
			};
			name = Release;
		};
/* End XCBuildConfiguration section */

/* Begin XCConfigurationList section */
		52F9070D1E6ACC13001EE83F /* Build configuration list for PBXProject "Swifty Protein" */ = {
			isa = XCConfigurationList;
			buildConfigurations = (
				52F907221E6ACC13001EE83F /* Debug */,
				52F907231E6ACC13001EE83F /* Release */,
			);
			defaultConfigurationIsVisible = 0;
			defaultConfigurationName = Release;
		};
		52F907241E6ACC13001EE83F /* Build configuration list for PBXNativeTarget "Swifty Protein" */ = {
			isa = XCConfigurationList;
			buildConfigurations = (
				52F907251E6ACC13001EE83F /* Debug */,
				52F907261E6ACC13001EE83F /* Release */,
			);
			defaultConfigurationIsVisible = 0;
			defaultConfigurationName = Release;
		};
/* End XCConfigurationList section */
	};
	rootObject = 52F9070A1E6ACC13001EE83F /* Project object */;
}
